// !$*UTF8*$!
{
	archiveVersion = 1;
	classes = {
	};
	objectVersion = 56;
	objects = {

/* Begin PBXBuildFile section */
		998DAE2C2B0765BD0093FB65 /* AppDelegate.m in Sources */ = {isa = PBXBuildFile; fileRef = 998DAE2B2B0765BD0093FB65 /* AppDelegate.m */; };
		998DAE2F2B0765BD0093FB65 /* SceneDelegate.m in Sources */ = {isa = PBXBuildFile; fileRef = 998DAE2E2B0765BD0093FB65 /* SceneDelegate.m */; };
		998DAE322B0765BD0093FB65 /* ViewController.m in Sources */ = {isa = PBXBuildFile; fileRef = 998DAE312B0765BD0093FB65 /* ViewController.m */; };
		998DAE352B0765BE0093FB65 /* Main.storyboard in Resources */ = {isa = PBXBuildFile; fileRef = 998DAE332B0765BE0093FB65 /* Main.storyboard */; };
		998DAE372B0765BF0093FB65 /* Assets.xcassets in Resources */ = {isa = PBXBuildFile; fileRef = 998DAE362B0765BF0093FB65 /* Assets.xcassets */; };
		998DAE3A2B0765BF0093FB65 /* LaunchScreen.storyboard in Resources */ = {isa = PBXBuildFile; fileRef = 998DAE382B0765BF0093FB65 /* LaunchScreen.storyboard */; };
		998DAE3D2B0765BF0093FB65 /* main.m in Sources */ = {isa = PBXBuildFile; fileRef = 998DAE3C2B0765BF0093FB65 /* main.m */; };
/* End PBXBuildFile section */

/* Begin PBXFileReference section */
		998DAE272B0765BD0093FB65 /* frame_vs_bounds.app */ = {isa = PBXFileReference; explicitFileType = wrapper.application; includeInIndex = 0; path = frame_vs_bounds.app; sourceTree = BUILT_PRODUCTS_DIR; };
		998DAE2A2B0765BD0093FB65 /* AppDelegate.h */ = {isa = PBXFileReference; lastKnownFileType = sourcecode.c.h; path = AppDelegate.h; sourceTree = "<group>"; };
		998DAE2B2B0765BD0093FB65 /* AppDelegate.m */ = {isa = PBXFileReference; lastKnownFileType = sourcecode.c.objc; path = AppDelegate.m; sourceTree = "<group>"; };
		998DAE2D2B0765BD0093FB65 /* SceneDelegate.h */ = {isa = PBXFileReference; lastKnownFileType = sourcecode.c.h; path = SceneDelegate.h; sourceTree = "<group>"; };
		998DAE2E2B0765BD0093FB65 /* SceneDelegate.m */ = {isa = PBXFileReference; lastKnownFileType = sourcecode.c.objc; path = SceneDelegate.m; sourceTree = "<group>"; };
		998DAE302B0765BD0093FB65 /* ViewController.h */ = {isa = PBXFileReference; lastKnownFileType = sourcecode.c.h; path = ViewController.h; sourceTree = "<group>"; };
		998DAE312B0765BD0093FB65 /* ViewController.m */ = {isa = PBXFileReference; lastKnownFileType = sourcecode.c.objc; path = ViewController.m; sourceTree = "<group>"; };
		998DAE342B0765BE0093FB65 /* Base */ = {isa = PBXFileReference; lastKnownFileType = file.storyboard; name = Base; path = Base.lproj/Main.storyboard; sourceTree = "<group>"; };
		998DAE362B0765BF0093FB65 /* Assets.xcassets */ = {isa = PBXFileReference; lastKnownFileType = folder.assetcatalog; path = Assets.xcassets; sourceTree = "<group>"; };
		998DAE392B0765BF0093FB65 /* Base */ = {isa = PBXFileReference; lastKnownFileType = file.storyboard; name = Base; path = Base.lproj/LaunchScreen.storyboard; sourceTree = "<group>"; };
		998DAE3B2B0765BF0093FB65 /* Info.plist */ = {isa = PBXFileReference; lastKnownFileType = text.plist.xml; path = Info.plist; sourceTree = "<group>"; };
		998DAE3C2B0765BF0093FB65 /* main.m */ = {isa = PBXFileReference; lastKnownFileType = sourcecode.c.objc; path = main.m; sourceTree = "<group>"; };
/* End PBXFileReference section */

/* Begin PBXFrameworksBuildPhase section */
		998DAE242B0765BD0093FB65 /* Frameworks */ = {
			isa = PBXFrameworksBuildPhase;
			buildActionMask = 2147483647;
			files = (
			);
			runOnlyForDeploymentPostprocessing = 0;
		};
/* End PBXFrameworksBuildPhase section */

/* Begin PBXGroup section */
		998DAE1E2B0765BD0093FB65 = {
			isa = PBXGroup;
			children = (
				998DAE292B0765BD0093FB65 /* frame_vs_bounds */,
				998DAE282B0765BD0093FB65 /* Products */,
			);
			sourceTree = "<group>";
		};
		998DAE282B0765BD0093FB65 /* Products */ = {
			isa = PBXGroup;
			children = (
				998DAE272B0765BD0093FB65 /* frame_vs_bounds.app */,
			);
			name = Products;
			sourceTree = "<group>";
		};
		998DAE292B0765BD0093FB65 /* frame_vs_bounds */ = {
			isa = PBXGroup;
			children = (
				998DAE2A2B0765BD0093FB65 /* AppDelegate.h */,
				998DAE2B2B0765BD0093FB65 /* AppDelegate.m */,
				998DAE2D2B0765BD0093FB65 /* SceneDelegate.h */,
				998DAE2E2B0765BD0093FB65 /* SceneDelegate.m */,
				998DAE302B0765BD0093FB65 /* ViewController.h */,
				998DAE312B0765BD0093FB65 /* ViewController.m */,
				998DAE332B0765BE0093FB65 /* Main.storyboard */,
				998DAE362B0765BF0093FB65 /* Assets.xcassets */,
				998DAE382B0765BF0093FB65 /* LaunchScreen.storyboard */,
				998DAE3B2B0765BF0093FB65 /* Info.plist */,
				998DAE3C2B0765BF0093FB65 /* main.m */,
			);
			path = frame_vs_bounds;
			sourceTree = "<group>";
		};
/* End PBXGroup section */

/* Begin PBXNativeTarget section */
		998DAE262B0765BD0093FB65 /* frame_vs_bounds */ = {
			isa = PBXNativeTarget;
			buildConfigurationList = 998DAE402B0765BF0093FB65 /* Build configuration list for PBXNativeTarget "frame_vs_bounds" */;
			buildPhases = (
				998DAE232B0765BD0093FB65 /* Sources */,
				998DAE242B0765BD0093FB65 /* Frameworks */,
				998DAE252B0765BD0093FB65 /* Resources */,
			);
			buildRules = (
			);
			dependencies = (
			);
			name = frame_vs_bounds;
			productName = frame_vs_bounds;
			productReference = 998DAE272B0765BD0093FB65 /* frame_vs_bounds.app */;
			productType = "com.apple.product-type.application";
		};
/* End PBXNativeTarget section */

/* Begin PBXProject section */
		998DAE1F2B0765BD0093FB65 /* Project object */ = {
			isa = PBXProject;
			attributes = {
				BuildIndependentTargetsInParallel = 1;
				LastUpgradeCheck = 1420;
				TargetAttributes = {
					998DAE262B0765BD0093FB65 = {
						CreatedOnToolsVersion = 14.2;
					};
				};
			};
			buildConfigurationList = 998DAE222B0765BD0093FB65 /* Build configuration list for PBXProject "frame_vs_bounds" */;
			compatibilityVersion = "Xcode 14.0";
			developmentRegion = en;
			hasScannedForEncodings = 0;
			knownRegions = (
				en,
				Base,
			);
			mainGroup = 998DAE1E2B0765BD0093FB65;
			productRefGroup = 998DAE282B0765BD0093FB65 /* Products */;
			projectDirPath = "";
			projectRoot = "";
			targets = (
				998DAE262B0765BD0093FB65 /* frame_vs_bounds */,
			);
		};
/* End PBXProject section */

/* Begin PBXResourcesBuildPhase section */
		998DAE252B0765BD0093FB65 /* Resources */ = {
			isa = PBXResourcesBuildPhase;
			buildActionMask = 2147483647;
			files = (
				998DAE3A2B0765BF0093FB65 /* LaunchScreen.storyboard in Resources */,
				998DAE372B0765BF0093FB65 /* Assets.xcassets in Resources */,
				998DAE352B0765BE0093FB65 /* Main.storyboard in Resources */,
			);
			runOnlyForDeploymentPostprocessing = 0;
		};
/* End PBXResourcesBuildPhase section */

/* Begin PBXSourcesBuildPhase section */
		998DAE232B0765BD0093FB65 /* Sources */ = {
			isa = PBXSourcesBuildPhase;
			buildActionMask = 2147483647;
			files = (
				998DAE322B0765BD0093FB65 /* ViewController.m in Sources */,
				998DAE2C2B0765BD0093FB65 /* AppDelegate.m in Sources */,
				998DAE3D2B0765BF0093FB65 /* main.m in Sources */,
				998DAE2F2B0765BD0093FB65 /* SceneDelegate.m in Sources */,
			);
			runOnlyForDeploymentPostprocessing = 0;
		};
/* End PBXSourcesBuildPhase section */

/* Begin PBXVariantGroup section */
		998DAE332B0765BE0093FB65 /* Main.storyboard */ = {
			isa = PBXVariantGroup;
			children = (
				998DAE342B0765BE0093FB65 /* Base */,
			);
			name = Main.storyboard;
			sourceTree = "<group>";
		};
		998DAE382B0765BF0093FB65 /* LaunchScreen.storyboard */ = {
			isa = PBXVariantGroup;
			children = (
				998DAE392B0765BF0093FB65 /* Base */,
			);
			name = LaunchScreen.storyboard;
			sourceTree = "<group>";
		};
/* End PBXVariantGroup section */

/* Begin XCBuildConfiguration section */
		998DAE3E2B0765BF0093FB65 /* Debug */ = {
			isa = XCBuildConfiguration;
			buildSettings = {
				ALWAYS_SEARCH_USER_PATHS = NO;
				CLANG_ANALYZER_NONNULL = YES;
				CLANG_ANALYZER_NUMBER_OBJECT_CONVERSION = YES_AGGRESSIVE;
				CLANG_CXX_LANGUAGE_STANDARD = "gnu++20";
				CLANG_ENABLE_MODULES = YES;
				CLANG_ENABLE_OBJC_ARC = YES;
				CLANG_ENABLE_OBJC_WEAK = YES;
				CLANG_WARN_BLOCK_CAPTURE_AUTORELEASING = YES;
				CLANG_WARN_BOOL_CONVERSION = YES;
				CLANG_WARN_COMMA = YES;
				CLANG_WARN_CONSTANT_CONVERSION = YES;
				CLANG_WARN_DEPRECATED_OBJC_IMPLEMENTATIONS = YES;
				CLANG_WARN_DIRECT_OBJC_ISA_USAGE = YES_ERROR;
				CLANG_WARN_DOCUMENTATION_COMMENTS = YES;
				CLANG_WARN_EMPTY_BODY = YES;
				CLANG_WARN_ENUM_CONVERSION = YES;
				CLANG_WARN_INFINITE_RECURSION = YES;
				CLANG_WARN_INT_CONVERSION = YES;
				CLANG_WARN_NON_LITERAL_NULL_CONVERSION = YES;
				CLANG_WARN_OBJC_IMPLICIT_RETAIN_SELF = YES;
				CLANG_WARN_OBJC_LITERAL_CONVERSION = YES;
				CLANG_WARN_OBJC_ROOT_CLASS = YES_ERROR;
				CLANG_WARN_QUOTED_INCLUDE_IN_FRAMEWORK_HEADER = YES;
				CLANG_WARN_RANGE_LOOP_ANALYSIS = YES;
				CLANG_WARN_STRICT_PROTOTYPES = YES;
				CLANG_WARN_SUSPICIOUS_MOVE = YES;
				CLANG_WARN_UNGUARDED_AVAILABILITY = YES_AGGRESSIVE;
				CLANG_WARN_UNREACHABLE_CODE = YES;
				CLANG_WARN__DUPLICATE_METHOD_MATCH = YES;
				COPY_PHASE_STRIP = NO;
				DEBUG_INFORMATION_FORMAT = dwarf;
				ENABLE_STRICT_OBJC_MSGSEND = YES;
				ENABLE_TESTABILITY = YES;
				GCC_C_LANGUAGE_STANDARD = gnu11;
				GCC_DYNAMIC_NO_PIC = NO;
				GCC_NO_COMMON_BLOCKS = YES;
				GCC_OPTIMIZATION_LEVEL = 0;
				GCC_PREPROCESSOR_DEFINITIONS = (
					"DEBUG=1",
					"$(inherited)",
				);
				GCC_WARN_64_TO_32_BIT_CONVERSION = YES;
				GCC_WARN_ABOUT_RETURN_TYPE = YES_ERROR;
				GCC_WARN_UNDECLARED_SELECTOR = YES;
				GCC_WARN_UNINITIALIZED_AUTOS = YES_AGGRESSIVE;
				GCC_WARN_UNUSED_FUNCTION = YES;
				GCC_WARN_UNUSED_VARIABLE = YES;
				IPHONEOS_DEPLOYMENT_TARGET = 16.2;
				MTL_ENABLE_DEBUG_INFO = INCLUDE_SOURCE;
				MTL_FAST_MATH = YES;
				ONLY_ACTIVE_ARCH = YES;
				SDKROOT = iphoneos;
			};
			name = Debug;
		};
		998DAE3F2B0765BF0093FB65 /* Release */ = {
			isa = XCBuildConfiguration;
			buildSettings = {
				ALWAYS_SEARCH_USER_PATHS = NO;
				CLANG_ANALYZER_NONNULL = YES;
				CLANG_ANALYZER_NUMBER_OBJECT_CONVERSION = YES_AGGRESSIVE;
				CLANG_CXX_LANGUAGE_STANDARD = "gnu++20";
				CLANG_ENABLE_MODULES = YES;
				CLANG_ENABLE_OBJC_ARC = YES;
				CLANG_ENABLE_OBJC_WEAK = YES;
				CLANG_WARN_BLOCK_CAPTURE_AUTORELEASING = YES;
				CLANG_WARN_BOOL_CONVERSION = YES;
				CLANG_WARN_COMMA = YES;
				CLANG_WARN_CONSTANT_CONVERSION = YES;
				CLANG_WARN_DEPRECATED_OBJC_IMPLEMENTATIONS = YES;
				CLANG_WARN_DIRECT_OBJC_ISA_USAGE = YES_ERROR;
				CLANG_WARN_DOCUMENTATION_COMMENTS = YES;
				CLANG_WARN_EMPTY_BODY = YES;
				CLANG_WARN_ENUM_CONVERSION = YES;
				CLANG_WARN_INFINITE_RECURSION = YES;
				CLANG_WARN_INT_CONVERSION = YES;
				CLANG_WARN_NON_LITERAL_NULL_CONVERSION = YES;
				CLANG_WARN_OBJC_IMPLICIT_RETAIN_SELF = YES;
				CLANG_WARN_OBJC_LITERAL_CONVERSION = YES;
				CLANG_WARN_OBJC_ROOT_CLASS = YES_ERROR;
				CLANG_WARN_QUOTED_INCLUDE_IN_FRAMEWORK_HEADER = YES;
				CLANG_WARN_RANGE_LOOP_ANALYSIS = YES;
				CLANG_WARN_STRICT_PROTOTYPES = YES;
				CLANG_WARN_SUSPICIOUS_MOVE = YES;
				CLANG_WARN_UNGUARDED_AVAILABILITY = YES_AGGRESSIVE;
				CLANG_WARN_UNREACHABLE_CODE = YES;
				CLANG_WARN__DUPLICATE_METHOD_MATCH = YES;
				COPY_PHASE_STRIP = NO;
				DEBUG_INFORMATION_FORMAT = "dwarf-with-dsym";
				ENABLE_NS_ASSERTIONS = NO;
				ENABLE_STRICT_OBJC_MSGSEND = YES;
				GCC_C_LANGUAGE_STANDARD = gnu11;
				GCC_NO_COMMON_BLOCKS = YES;
				GCC_WARN_64_TO_32_BIT_CONVERSION = YES;
				GCC_WARN_ABOUT_RETURN_TYPE = YES_ERROR;
				GCC_WARN_UNDECLARED_SELECTOR = YES;
				GCC_WARN_UNINITIALIZED_AUTOS = YES_AGGRESSIVE;
				GCC_WARN_UNUSED_FUNCTION = YES;
				GCC_WARN_UNUSED_VARIABLE = YES;
				IPHONEOS_DEPLOYMENT_TARGET = 16.2;
				MTL_ENABLE_DEBUG_INFO = NO;
				MTL_FAST_MATH = YES;
				SDKROOT = iphoneos;
				VALIDATE_PRODUCT = YES;
			};
			name = Release;
		};
		998DAE412B0765BF0093FB65 /* Debug */ = {
			isa = XCBuildConfiguration;
			buildSettings = {
				ASSETCATALOG_COMPILER_APPICON_NAME = AppIcon;
				ASSETCATALOG_COMPILER_GLOBAL_ACCENT_COLOR_NAME = AccentColor;
				CODE_SIGN_STYLE = Automatic;
				CURRENT_PROJECT_VERSION = 1;
				DEVELOPMENT_TEAM = FL2VP3W5B3;
				GENERATE_INFOPLIST_FILE = YES;
				INFOPLIST_FILE = frame_vs_bounds/Info.plist;
				INFOPLIST_KEY_UIApplicationSupportsIndirectInputEvents = YES;
				INFOPLIST_KEY_UILaunchStoryboardName = LaunchScreen;
				INFOPLIST_KEY_UIMainStoryboardFile = Main;
				INFOPLIST_KEY_UISupportedInterfaceOrientations_iPad = "UIInterfaceOrientationPortrait UIInterfaceOrientationPortraitUpsideDown UIInterfaceOrientationLandscapeLeft UIInterfaceOrientationLandscapeRight";
				INFOPLIST_KEY_UISupportedInterfaceOrientations_iPhone = "UIInterfaceOrientationPortrait UIInterfaceOrientationLandscapeLeft UIInterfaceOrientationLandscapeRight";
				LD_RUNPATH_SEARCH_PATHS = (
					"$(inherited)",
					"@executable_path/Frameworks",
				);
				MARKETING_VERSION = 1.0;
				PRODUCT_BUNDLE_IDENTIFIER = "com.linx.frame-vs-bounds";
				PRODUCT_NAME = "$(TARGET_NAME)";
				SWIFT_EMIT_LOC_STRINGS = YES;
				TARGETED_DEVICE_FAMILY = "1,2";
			};
			name = Debug;
		};
		998DAE422B0765BF0093FB65 /* Release */ = {
			isa = XCBuildConfiguration;
			buildSettings = {
				ASSETCATALOG_COMPILER_APPICON_NAME = AppIcon;
				ASSETCATALOG_COMPILER_GLOBAL_ACCENT_COLOR_NAME = AccentColor;
				CODE_SIGN_STYLE = Automatic;
				CURRENT_PROJECT_VERSION = 1;
				DEVELOPMENT_TEAM = FL2VP3W5B3;
				GENERATE_INFOPLIST_FILE = YES;
				INFOPLIST_FILE = frame_vs_bounds/Info.plist;
				INFOPLIST_KEY_UIApplicationSupportsIndirectInputEvents = YES;
				INFOPLIST_KEY_UILaunchStoryboardName = LaunchScreen;
				INFOPLIST_KEY_UIMainStoryboardFile = Main;
				INFOPLIST_KEY_UISupportedInterfaceOrientations_iPad = "UIInterfaceOrientationPortrait UIInterfaceOrientationPortraitUpsideDown UIInterfaceOrientationLandscapeLeft UIInterfaceOrientationLandscapeRight";
				INFOPLIST_KEY_UISupportedInterfaceOrientations_iPhone = "UIInterfaceOrientationPortrait UIInterfaceOrientationLandscapeLeft UIInterfaceOrientationLandscapeRight";
				LD_RUNPATH_SEARCH_PATHS = (
					"$(inherited)",
					"@executable_path/Frameworks",
				);
				MARKETING_VERSION = 1.0;
				PRODUCT_BUNDLE_IDENTIFIER = "com.linx.frame-vs-bounds";
				PRODUCT_NAME = "$(TARGET_NAME)";
				SWIFT_EMIT_LOC_STRINGS = YES;
				TARGETED_DEVICE_FAMILY = "1,2";
			};
			name = Release;
		};
/* End XCBuildConfiguration section */

/* Begin XCConfigurationList section */
		998DAE222B0765BD0093FB65 /* Build configuration list for PBXProject "frame_vs_bounds" */ = {
			isa = XCConfigurationList;
			buildConfigurations = (
				998DAE3E2B0765BF0093FB65 /* Debug */,
				998DAE3F2B0765BF0093FB65 /* Release */,
			);
			defaultConfigurationIsVisible = 0;
			defaultConfigurationName = Release;
		};
		998DAE402B0765BF0093FB65 /* Build configuration list for PBXNativeTarget "frame_vs_bounds" */ = {
			isa = XCConfigurationList;
			buildConfigurations = (
				998DAE412B0765BF0093FB65 /* Debug */,
				998DAE422B0765BF0093FB65 /* Release */,
			);
			defaultConfigurationIsVisible = 0;
			defaultConfigurationName = Release;
		};
/* End XCConfigurationList section */
	};
	rootObject = 998DAE1F2B0765BD0093FB65 /* Project object */;
}
