PODS:
  - Alamofire (5.6.4)
  - DoraemonKit/Core (3.0.7):
    - FMDB
    - GCDWebServer
    - GCDWebServer/WebDAV
    - GCDWebServer/WebUploader
  - FMDB (2.7.5):
    - FMDB/standard (= 2.7.5)
  - FMDB/standard (2.7.5)
  - GCDWebServer (3.5.4):
    - GCDWebServer/Core (= 3.5.4)
  - GCDWebServer/Core (3.5.4)
  - GCDWebServer/WebDAV (3.5.4):
    - GCDWebServer/Core
  - GCDWebServer/WebUploader (3.5.4):
    - GCDWebServer/Core
  - NotificationToast (1.2.1)
  - RongCloudIM/ChatRoom (5.3.2):
    - RongCloudIM/IMLibCore
  - RongCloudIM/CustomerService (5.3.2):
    - RongCloudIM/IMLibCore
  - RongCloudIM/Discussion (5.3.2):
    - RongCloudIM/IMLibCore
  - RongCloudIM/IMKit (5.3.2):
    - RongCloudIM/IMLib
  - RongCloudIM/IMLib (5.3.2):
    - RongCloudIM/ChatRoom
    - RongCloudIM/CustomerService
    - RongCloudIM/Discussion
    - RongCloudIM/IMLibCore
    - RongCloudIM/PublicService
  - RongCloudIM/IMLibCore (5.3.2)
  - RongCloudIM/PublicService (5.3.2):
    - RongCloudIM/IMLibCore
  - SnapKit (5.6.0)

DEPENDENCIES:
  - Alamofire
  - DoraemonKit/Core (~> 3.0.4)
  - NotificationToast
  - RongCloudIM/IMKit (~> 5.3.1)
  - SnapKit

SPEC REPOS:
  https://github.com/CocoaPods/Specs.git:
    - Alamofire
    - DoraemonKit
    - FMDB
    - GCDWebServer
    - NotificationToast
    - RongCloudIM
    - SnapKit

SPEC CHECKSUMS:
  Alamofire: 4e95d97098eacb88856099c4fc79b526a299e48c
  DoraemonKit: 32fb97f3aa82efa133111d193080ca5462cef135
  FMDB: 2ce00b547f966261cd18927a3ddb07cb6f3db82a
  GCDWebServer: 2c156a56c8226e2d5c0c3f208a3621ccffbe3ce4
  NotificationToast: 1121ac0f1b89fae6c1031330dc2889107e23dc07
  RongCloudIM: e038a6a05e41119c3beaf825f8cb844a7df46c79
  SnapKit: e01d52ebb8ddbc333eefe2132acf85c8227d9c25

PODFILE CHECKSUM: 62e7430b360ad01702b659e512a9c469d7c8efff

COCOAPODS: 1.11.3
