// !$*UTF8*$!
{
	archiveVersion = 1;
	classes = {
	};
	objectVersion = 46;
	objects = {

/* Begin PBXBuildFile section */
		464AF6351E8261B800F6B578 /* main.m in Sources */ = {isa = PBXBuildFile; fileRef = 464AF6341E8261B800F6B578 /* main.m */; };
		464AF6381E8261B800F6B578 /* AppDelegate.m in Sources */ = {isa = PBXBuildFile; fileRef = 464AF6371E8261B800F6B578 /* AppDelegate.m */; };
		464AF63B1E8261B900F6B578 /* ViewController.m in Sources */ = {isa = PBXBuildFile; fileRef = 464AF63A1E8261B900F6B578 /* ViewController.m */; };
		464AF63E1E8261B900F6B578 /* Main.storyboard in Resources */ = {isa = PBXBuildFile; fileRef = 464AF63C1E8261B900F6B578 /* Main.storyboard */; };
		464AF6401E8261B900F6B578 /* Assets.xcassets in Resources */ = {isa = PBXBuildFile; fileRef = 464AF63F1E8261B900F6B578 /* Assets.xcassets */; };
		464AF6431E8261B900F6B578 /* LaunchScreen.storyboard in Resources */ = {isa = PBXBuildFile; fileRef = 464AF6411E8261B900F6B578 /* LaunchScreen.storyboard */; };
		464AF64E1E8261B900F6B578 /* OC________003Tests.m in Sources */ = {isa = PBXBuildFile; fileRef = 464AF64D1E8261B900F6B578 /* OC________003Tests.m */; };
		464AF6591E8261B900F6B578 /* OC________003UITests.m in Sources */ = {isa = PBXBuildFile; fileRef = 464AF6581E8261B900F6B578 /* OC________003UITests.m */; };
		464AF66C1E82639000F6B578 /* NSURL+url.m in Sources */ = {isa = PBXBuildFile; fileRef = 464AF66B1E82639000F6B578 /* NSURL+url.m */; };
/* End PBXBuildFile section */

/* Begin PBXContainerItemProxy section */
		464AF64A1E8261B900F6B578 /* PBXContainerItemProxy */ = {
			isa = PBXContainerItemProxy;
			containerPortal = 464AF6281E8261B800F6B578 /* Project object */;
			proxyType = 1;
			remoteGlobalIDString = 464AF62F1E8261B800F6B578;
			remoteInfo = "OC程序员最受欢迎_003";
		};
		464AF6551E8261B900F6B578 /* PBXContainerItemProxy */ = {
			isa = PBXContainerItemProxy;
			containerPortal = 464AF6281E8261B800F6B578 /* Project object */;
			proxyType = 1;
			remoteGlobalIDString = 464AF62F1E8261B800F6B578;
			remoteInfo = "OC程序员最受欢迎_003";
		};
/* End PBXContainerItemProxy section */

/* Begin PBXFileReference section */
		464AF6301E8261B800F6B578 /* OC程序员最受欢迎_003.app */ = {isa = PBXFileReference; explicitFileType = wrapper.application; includeInIndex = 0; path = "OC程序员最受欢迎_003.app"; sourceTree = BUILT_PRODUCTS_DIR; };
		464AF6341E8261B800F6B578 /* main.m */ = {isa = PBXFileReference; lastKnownFileType = sourcecode.c.objc; path = main.m; sourceTree = "<group>"; };
		464AF6361E8261B800F6B578 /* AppDelegate.h */ = {isa = PBXFileReference; lastKnownFileType = sourcecode.c.h; path = AppDelegate.h; sourceTree = "<group>"; };
		464AF6371E8261B800F6B578 /* AppDelegate.m */ = {isa = PBXFileReference; lastKnownFileType = sourcecode.c.objc; path = AppDelegate.m; sourceTree = "<group>"; };
		464AF6391E8261B800F6B578 /* ViewController.h */ = {isa = PBXFileReference; lastKnownFileType = sourcecode.c.h; path = ViewController.h; sourceTree = "<group>"; };
		464AF63A1E8261B900F6B578 /* ViewController.m */ = {isa = PBXFileReference; lastKnownFileType = sourcecode.c.objc; path = ViewController.m; sourceTree = "<group>"; };
		464AF63D1E8261B900F6B578 /* Base */ = {isa = PBXFileReference; lastKnownFileType = file.storyboard; name = Base; path = Base.lproj/Main.storyboard; sourceTree = "<group>"; };
		464AF63F1E8261B900F6B578 /* Assets.xcassets */ = {isa = PBXFileReference; lastKnownFileType = folder.assetcatalog; path = Assets.xcassets; sourceTree = "<group>"; };
		464AF6421E8261B900F6B578 /* Base */ = {isa = PBXFileReference; lastKnownFileType = file.storyboard; name = Base; path = Base.lproj/LaunchScreen.storyboard; sourceTree = "<group>"; };
		464AF6441E8261B900F6B578 /* Info.plist */ = {isa = PBXFileReference; lastKnownFileType = text.plist.xml; path = Info.plist; sourceTree = "<group>"; };
		464AF6491E8261B900F6B578 /* OC程序员最受欢迎_003Tests.xctest */ = {isa = PBXFileReference; explicitFileType = wrapper.cfbundle; includeInIndex = 0; path = "OC程序员最受欢迎_003Tests.xctest"; sourceTree = BUILT_PRODUCTS_DIR; };
		464AF64D1E8261B900F6B578 /* OC________003Tests.m */ = {isa = PBXFileReference; lastKnownFileType = sourcecode.c.objc; path = "OC________003Tests.m"; sourceTree = "<group>"; };
		464AF64F1E8261B900F6B578 /* Info.plist */ = {isa = PBXFileReference; lastKnownFileType = text.plist.xml; path = Info.plist; sourceTree = "<group>"; };
		464AF6541E8261B900F6B578 /* OC程序员最受欢迎_003UITests.xctest */ = {isa = PBXFileReference; explicitFileType = wrapper.cfbundle; includeInIndex = 0; path = "OC程序员最受欢迎_003UITests.xctest"; sourceTree = BUILT_PRODUCTS_DIR; };
		464AF6581E8261B900F6B578 /* OC________003UITests.m */ = {isa = PBXFileReference; lastKnownFileType = sourcecode.c.objc; path = "OC________003UITests.m"; sourceTree = "<group>"; };
		464AF65A1E8261B900F6B578 /* Info.plist */ = {isa = PBXFileReference; lastKnownFileType = text.plist.xml; path = Info.plist; sourceTree = "<group>"; };
		464AF66A1E82639000F6B578 /* NSURL+url.h */ = {isa = PBXFileReference; fileEncoding = 4; lastKnownFileType = sourcecode.c.h; path = "NSURL+url.h"; sourceTree = "<group>"; };
		464AF66B1E82639000F6B578 /* NSURL+url.m */ = {isa = PBXFileReference; fileEncoding = 4; lastKnownFileType = sourcecode.c.objc; path = "NSURL+url.m"; sourceTree = "<group>"; };
/* End PBXFileReference section */

/* Begin PBXFrameworksBuildPhase section */
		464AF62D1E8261B800F6B578 /* Frameworks */ = {
			isa = PBXFrameworksBuildPhase;
			buildActionMask = 2147483647;
			files = (
			);
			runOnlyForDeploymentPostprocessing = 0;
		};
		464AF6461E8261B900F6B578 /* Frameworks */ = {
			isa = PBXFrameworksBuildPhase;
			buildActionMask = 2147483647;
			files = (
			);
			runOnlyForDeploymentPostprocessing = 0;
		};
		464AF6511E8261B900F6B578 /* Frameworks */ = {
			isa = PBXFrameworksBuildPhase;
			buildActionMask = 2147483647;
			files = (
			);
			runOnlyForDeploymentPostprocessing = 0;
		};
/* End PBXFrameworksBuildPhase section */

/* Begin PBXGroup section */
		464AF6271E8261B800F6B578 = {
			isa = PBXGroup;
			children = (
				464AF6321E8261B800F6B578 /* OC程序员最受欢迎_003 */,
				464AF64C1E8261B900F6B578 /* OC程序员最受欢迎_003Tests */,
				464AF6571E8261B900F6B578 /* OC程序员最受欢迎_003UITests */,
				464AF6311E8261B800F6B578 /* Products */,
			);
			sourceTree = "<group>";
		};
		464AF6311E8261B800F6B578 /* Products */ = {
			isa = PBXGroup;
			children = (
				464AF6301E8261B800F6B578 /* OC程序员最受欢迎_003.app */,
				464AF6491E8261B900F6B578 /* OC程序员最受欢迎_003Tests.xctest */,
				464AF6541E8261B900F6B578 /* OC程序员最受欢迎_003UITests.xctest */,
			);
			name = Products;
			sourceTree = "<group>";
		};
		464AF6321E8261B800F6B578 /* OC程序员最受欢迎_003 */ = {
			isa = PBXGroup;
			children = (
				464AF6661E82633200F6B578 /* Category */,
				464AF6361E8261B800F6B578 /* AppDelegate.h */,
				464AF6371E8261B800F6B578 /* AppDelegate.m */,
				464AF6391E8261B800F6B578 /* ViewController.h */,
				464AF63A1E8261B900F6B578 /* ViewController.m */,
				464AF63C1E8261B900F6B578 /* Main.storyboard */,
				464AF63F1E8261B900F6B578 /* Assets.xcassets */,
				464AF6411E8261B900F6B578 /* LaunchScreen.storyboard */,
				464AF6441E8261B900F6B578 /* Info.plist */,
				464AF6331E8261B800F6B578 /* Supporting Files */,
			);
			path = "OC程序员最受欢迎_003";
			sourceTree = "<group>";
		};
		464AF6331E8261B800F6B578 /* Supporting Files */ = {
			isa = PBXGroup;
			children = (
				464AF6341E8261B800F6B578 /* main.m */,
			);
			name = "Supporting Files";
			sourceTree = "<group>";
		};
		464AF64C1E8261B900F6B578 /* OC程序员最受欢迎_003Tests */ = {
			isa = PBXGroup;
			children = (
				464AF64D1E8261B900F6B578 /* OC________003Tests.m */,
				464AF64F1E8261B900F6B578 /* Info.plist */,
			);
			path = "OC程序员最受欢迎_003Tests";
			sourceTree = "<group>";
		};
		464AF6571E8261B900F6B578 /* OC程序员最受欢迎_003UITests */ = {
			isa = PBXGroup;
			children = (
				464AF6581E8261B900F6B578 /* OC________003UITests.m */,
				464AF65A1E8261B900F6B578 /* Info.plist */,
			);
			path = "OC程序员最受欢迎_003UITests";
			sourceTree = "<group>";
		};
		464AF6661E82633200F6B578 /* Category */ = {
			isa = PBXGroup;
			children = (
				464AF66A1E82639000F6B578 /* NSURL+url.h */,
				464AF66B1E82639000F6B578 /* NSURL+url.m */,
			);
			name = Category;
			sourceTree = "<group>";
		};
/* End PBXGroup section */

/* Begin PBXNativeTarget section */
		464AF62F1E8261B800F6B578 /* OC程序员最受欢迎_003 */ = {
			isa = PBXNativeTarget;
			buildConfigurationList = 464AF65D1E8261B900F6B578 /* Build configuration list for PBXNativeTarget "OC程序员最受欢迎_003" */;
			buildPhases = (
				464AF62C1E8261B800F6B578 /* Sources */,
				464AF62D1E8261B800F6B578 /* Frameworks */,
				464AF62E1E8261B800F6B578 /* Resources */,
			);
			buildRules = (
			);
			dependencies = (
			);
			name = "OC程序员最受欢迎_003";
			productName = "OC程序员最受欢迎_003";
			productReference = 464AF6301E8261B800F6B578 /* OC程序员最受欢迎_003.app */;
			productType = "com.apple.product-type.application";
		};
		464AF6481E8261B900F6B578 /* OC程序员最受欢迎_003Tests */ = {
			isa = PBXNativeTarget;
			buildConfigurationList = 464AF6601E8261B900F6B578 /* Build configuration list for PBXNativeTarget "OC程序员最受欢迎_003Tests" */;
			buildPhases = (
				464AF6451E8261B900F6B578 /* Sources */,
				464AF6461E8261B900F6B578 /* Frameworks */,
				464AF6471E8261B900F6B578 /* Resources */,
			);
			buildRules = (
			);
			dependencies = (
				464AF64B1E8261B900F6B578 /* PBXTargetDependency */,
			);
			name = "OC程序员最受欢迎_003Tests";
			productName = "OC程序员最受欢迎_003Tests";
			productReference = 464AF6491E8261B900F6B578 /* OC程序员最受欢迎_003Tests.xctest */;
			productType = "com.apple.product-type.bundle.unit-test";
		};
		464AF6531E8261B900F6B578 /* OC程序员最受欢迎_003UITests */ = {
			isa = PBXNativeTarget;
			buildConfigurationList = 464AF6631E8261B900F6B578 /* Build configuration list for PBXNativeTarget "OC程序员最受欢迎_003UITests" */;
			buildPhases = (
				464AF6501E8261B900F6B578 /* Sources */,
				464AF6511E8261B900F6B578 /* Frameworks */,
				464AF6521E8261B900F6B578 /* Resources */,
			);
			buildRules = (
			);
			dependencies = (
				464AF6561E8261B900F6B578 /* PBXTargetDependency */,
			);
			name = "OC程序员最受欢迎_003UITests";
			productName = "OC程序员最受欢迎_003UITests";
			productReference = 464AF6541E8261B900F6B578 /* OC程序员最受欢迎_003UITests.xctest */;
			productType = "com.apple.product-type.bundle.ui-testing";
		};
/* End PBXNativeTarget section */

/* Begin PBXProject section */
		464AF6281E8261B800F6B578 /* Project object */ = {
			isa = PBXProject;
			attributes = {
				LastUpgradeCheck = 0820;
				ORGANIZATIONNAME = minxing;
				TargetAttributes = {
					464AF62F1E8261B800F6B578 = {
						CreatedOnToolsVersion = 8.2.1;
						ProvisioningStyle = Automatic;
					};
					464AF6481E8261B900F6B578 = {
						CreatedOnToolsVersion = 8.2.1;
						ProvisioningStyle = Automatic;
						TestTargetID = 464AF62F1E8261B800F6B578;
					};
					464AF6531E8261B900F6B578 = {
						CreatedOnToolsVersion = 8.2.1;
						ProvisioningStyle = Automatic;
						TestTargetID = 464AF62F1E8261B800F6B578;
					};
				};
			};
			buildConfigurationList = 464AF62B1E8261B800F6B578 /* Build configuration list for PBXProject "OC程序员最受欢迎_003" */;
			compatibilityVersion = "Xcode 3.2";
			developmentRegion = English;
			hasScannedForEncodings = 0;
			knownRegions = (
				en,
				Base,
			);
			mainGroup = 464AF6271E8261B800F6B578;
			productRefGroup = 464AF6311E8261B800F6B578 /* Products */;
			projectDirPath = "";
			projectRoot = "";
			targets = (
				464AF62F1E8261B800F6B578 /* OC程序员最受欢迎_003 */,
				464AF6481E8261B900F6B578 /* OC程序员最受欢迎_003Tests */,
				464AF6531E8261B900F6B578 /* OC程序员最受欢迎_003UITests */,
			);
		};
/* End PBXProject section */

/* Begin PBXResourcesBuildPhase section */
		464AF62E1E8261B800F6B578 /* Resources */ = {
			isa = PBXResourcesBuildPhase;
			buildActionMask = 2147483647;
			files = (
				464AF6431E8261B900F6B578 /* LaunchScreen.storyboard in Resources */,
				464AF6401E8261B900F6B578 /* Assets.xcassets in Resources */,
				464AF63E1E8261B900F6B578 /* Main.storyboard in Resources */,
			);
			runOnlyForDeploymentPostprocessing = 0;
		};
		464AF6471E8261B900F6B578 /* Resources */ = {
			isa = PBXResourcesBuildPhase;
			buildActionMask = 2147483647;
			files = (
			);
			runOnlyForDeploymentPostprocessing = 0;
		};
		464AF6521E8261B900F6B578 /* Resources */ = {
			isa = PBXResourcesBuildPhase;
			buildActionMask = 2147483647;
			files = (
			);
			runOnlyForDeploymentPostprocessing = 0;
		};
/* End PBXResourcesBuildPhase section */

/* Begin PBXSourcesBuildPhase section */
		464AF62C1E8261B800F6B578 /* Sources */ = {
			isa = PBXSourcesBuildPhase;
			buildActionMask = 2147483647;
			files = (
				464AF66C1E82639000F6B578 /* NSURL+url.m in Sources */,
				464AF63B1E8261B900F6B578 /* ViewController.m in Sources */,
				464AF6381E8261B800F6B578 /* AppDelegate.m in Sources */,
				464AF6351E8261B800F6B578 /* main.m in Sources */,
			);
			runOnlyForDeploymentPostprocessing = 0;
		};
		464AF6451E8261B900F6B578 /* Sources */ = {
			isa = PBXSourcesBuildPhase;
			buildActionMask = 2147483647;
			files = (
				464AF64E1E8261B900F6B578 /* OC________003Tests.m in Sources */,
			);
			runOnlyForDeploymentPostprocessing = 0;
		};
		464AF6501E8261B900F6B578 /* Sources */ = {
			isa = PBXSourcesBuildPhase;
			buildActionMask = 2147483647;
			files = (
				464AF6591E8261B900F6B578 /* OC________003UITests.m in Sources */,
			);
			runOnlyForDeploymentPostprocessing = 0;
		};
/* End PBXSourcesBuildPhase section */

/* Begin PBXTargetDependency section */
		464AF64B1E8261B900F6B578 /* PBXTargetDependency */ = {
			isa = PBXTargetDependency;
			target = 464AF62F1E8261B800F6B578 /* OC程序员最受欢迎_003 */;
			targetProxy = 464AF64A1E8261B900F6B578 /* PBXContainerItemProxy */;
		};
		464AF6561E8261B900F6B578 /* PBXTargetDependency */ = {
			isa = PBXTargetDependency;
			target = 464AF62F1E8261B800F6B578 /* OC程序员最受欢迎_003 */;
			targetProxy = 464AF6551E8261B900F6B578 /* PBXContainerItemProxy */;
		};
/* End PBXTargetDependency section */

/* Begin PBXVariantGroup section */
		464AF63C1E8261B900F6B578 /* Main.storyboard */ = {
			isa = PBXVariantGroup;
			children = (
				464AF63D1E8261B900F6B578 /* Base */,
			);
			name = Main.storyboard;
			sourceTree = "<group>";
		};
		464AF6411E8261B900F6B578 /* LaunchScreen.storyboard */ = {
			isa = PBXVariantGroup;
			children = (
				464AF6421E8261B900F6B578 /* Base */,
			);
			name = LaunchScreen.storyboard;
			sourceTree = "<group>";
		};
/* End PBXVariantGroup section */

/* Begin XCBuildConfiguration section */
		464AF65B1E8261B900F6B578 /* Debug */ = {
			isa = XCBuildConfiguration;
			buildSettings = {
				ALWAYS_SEARCH_USER_PATHS = NO;
				CLANG_ANALYZER_NONNULL = YES;
				CLANG_CXX_LANGUAGE_STANDARD = "gnu++0x";
				CLANG_CXX_LIBRARY = "libc++";
				CLANG_ENABLE_MODULES = YES;
				CLANG_ENABLE_OBJC_ARC = YES;
				CLANG_WARN_BOOL_CONVERSION = YES;
				CLANG_WARN_CONSTANT_CONVERSION = YES;
				CLANG_WARN_DIRECT_OBJC_ISA_USAGE = YES_ERROR;
				CLANG_WARN_DOCUMENTATION_COMMENTS = YES;
				CLANG_WARN_EMPTY_BODY = YES;
				CLANG_WARN_ENUM_CONVERSION = YES;
				CLANG_WARN_INFINITE_RECURSION = YES;
				CLANG_WARN_INT_CONVERSION = YES;
				CLANG_WARN_OBJC_ROOT_CLASS = YES_ERROR;
				CLANG_WARN_SUSPICIOUS_MOVE = YES;
				CLANG_WARN_UNREACHABLE_CODE = YES;
				CLANG_WARN__DUPLICATE_METHOD_MATCH = YES;
				"CODE_SIGN_IDENTITY[sdk=iphoneos*]" = "iPhone Developer";
				COPY_PHASE_STRIP = NO;
				DEBUG_INFORMATION_FORMAT = dwarf;
				ENABLE_STRICT_OBJC_MSGSEND = YES;
				ENABLE_TESTABILITY = YES;
				GCC_C_LANGUAGE_STANDARD = gnu99;
				GCC_DYNAMIC_NO_PIC = NO;
				GCC_NO_COMMON_BLOCKS = YES;
				GCC_OPTIMIZATION_LEVEL = 0;
				GCC_PREPROCESSOR_DEFINITIONS = (
					"DEBUG=1",
					"$(inherited)",
				);
				GCC_WARN_64_TO_32_BIT_CONVERSION = YES;
				GCC_WARN_ABOUT_RETURN_TYPE = YES_ERROR;
				GCC_WARN_UNDECLARED_SELECTOR = YES;
				GCC_WARN_UNINITIALIZED_AUTOS = YES_AGGRESSIVE;
				GCC_WARN_UNUSED_FUNCTION = YES;
				GCC_WARN_UNUSED_VARIABLE = YES;
				IPHONEOS_DEPLOYMENT_TARGET = 10.2;
				MTL_ENABLE_DEBUG_INFO = YES;
				ONLY_ACTIVE_ARCH = YES;
				SDKROOT = iphoneos;
			};
			name = Debug;
		};
		464AF65C1E8261B900F6B578 /* Release */ = {
			isa = XCBuildConfiguration;
			buildSettings = {
				ALWAYS_SEARCH_USER_PATHS = NO;
				CLANG_ANALYZER_NONNULL = YES;
				CLANG_CXX_LANGUAGE_STANDARD = "gnu++0x";
				CLANG_CXX_LIBRARY = "libc++";
				CLANG_ENABLE_MODULES = YES;
				CLANG_ENABLE_OBJC_ARC = YES;
				CLANG_WARN_BOOL_CONVERSION = YES;
				CLANG_WARN_CONSTANT_CONVERSION = YES;
				CLANG_WARN_DIRECT_OBJC_ISA_USAGE = YES_ERROR;
				CLANG_WARN_DOCUMENTATION_COMMENTS = YES;
				CLANG_WARN_EMPTY_BODY = YES;
				CLANG_WARN_ENUM_CONVERSION = YES;
				CLANG_WARN_INFINITE_RECURSION = YES;
				CLANG_WARN_INT_CONVERSION = YES;
				CLANG_WARN_OBJC_ROOT_CLASS = YES_ERROR;
				CLANG_WARN_SUSPICIOUS_MOVE = YES;
				CLANG_WARN_UNREACHABLE_CODE = YES;
				CLANG_WARN__DUPLICATE_METHOD_MATCH = YES;
				"CODE_SIGN_IDENTITY[sdk=iphoneos*]" = "iPhone Developer";
				COPY_PHASE_STRIP = NO;
				DEBUG_INFORMATION_FORMAT = "dwarf-with-dsym";
				ENABLE_NS_ASSERTIONS = NO;
				ENABLE_STRICT_OBJC_MSGSEND = YES;
				GCC_C_LANGUAGE_STANDARD = gnu99;
				GCC_NO_COMMON_BLOCKS = YES;
				GCC_WARN_64_TO_32_BIT_CONVERSION = YES;
				GCC_WARN_ABOUT_RETURN_TYPE = YES_ERROR;
				GCC_WARN_UNDECLARED_SELECTOR = YES;
				GCC_WARN_UNINITIALIZED_AUTOS = YES_AGGRESSIVE;
				GCC_WARN_UNUSED_FUNCTION = YES;
				GCC_WARN_UNUSED_VARIABLE = YES;
				IPHONEOS_DEPLOYMENT_TARGET = 10.2;
				MTL_ENABLE_DEBUG_INFO = NO;
				SDKROOT = iphoneos;
				VALIDATE_PRODUCT = YES;
			};
			name = Release;
		};
		464AF65E1E8261B900F6B578 /* Debug */ = {
			isa = XCBuildConfiguration;
			buildSettings = {
				ASSETCATALOG_COMPILER_APPICON_NAME = AppIcon;
				INFOPLIST_FILE = "OC程序员最受欢迎_003/Info.plist";
				LD_RUNPATH_SEARCH_PATHS = "$(inherited) @executable_path/Frameworks";
				PRODUCT_BUNDLE_IDENTIFIER = "com.minxing.OC--------003";
				PRODUCT_NAME = "$(TARGET_NAME)";
			};
			name = Debug;
		};
		464AF65F1E8261B900F6B578 /* Release */ = {
			isa = XCBuildConfiguration;
			buildSettings = {
				ASSETCATALOG_COMPILER_APPICON_NAME = AppIcon;
				INFOPLIST_FILE = "OC程序员最受欢迎_003/Info.plist";
				LD_RUNPATH_SEARCH_PATHS = "$(inherited) @executable_path/Frameworks";
				PRODUCT_BUNDLE_IDENTIFIER = "com.minxing.OC--------003";
				PRODUCT_NAME = "$(TARGET_NAME)";
			};
			name = Release;
		};
		464AF6611E8261B900F6B578 /* Debug */ = {
			isa = XCBuildConfiguration;
			buildSettings = {
				BUNDLE_LOADER = "$(TEST_HOST)";
				INFOPLIST_FILE = "OC程序员最受欢迎_003Tests/Info.plist";
				LD_RUNPATH_SEARCH_PATHS = "$(inherited) @executable_path/Frameworks @loader_path/Frameworks";
				PRODUCT_BUNDLE_IDENTIFIER = "com.minxing.OC--------003Tests";
				PRODUCT_NAME = "$(TARGET_NAME)";
				TEST_HOST = "$(BUILT_PRODUCTS_DIR)/OC程序员最受欢迎_003.app/OC程序员最受欢迎_003";
			};
			name = Debug;
		};
		464AF6621E8261B900F6B578 /* Release */ = {
			isa = XCBuildConfiguration;
			buildSettings = {
				BUNDLE_LOADER = "$(TEST_HOST)";
				INFOPLIST_FILE = "OC程序员最受欢迎_003Tests/Info.plist";
				LD_RUNPATH_SEARCH_PATHS = "$(inherited) @executable_path/Frameworks @loader_path/Frameworks";
				PRODUCT_BUNDLE_IDENTIFIER = "com.minxing.OC--------003Tests";
				PRODUCT_NAME = "$(TARGET_NAME)";
				TEST_HOST = "$(BUILT_PRODUCTS_DIR)/OC程序员最受欢迎_003.app/OC程序员最受欢迎_003";
			};
			name = Release;
		};
		464AF6641E8261B900F6B578 /* Debug */ = {
			isa = XCBuildConfiguration;
			buildSettings = {
				INFOPLIST_FILE = "OC程序员最受欢迎_003UITests/Info.plist";
				LD_RUNPATH_SEARCH_PATHS = "$(inherited) @executable_path/Frameworks @loader_path/Frameworks";
				PRODUCT_BUNDLE_IDENTIFIER = "com.minxing.OC--------003UITests";
				PRODUCT_NAME = "$(TARGET_NAME)";
				TEST_TARGET_NAME = "OC程序员最受欢迎_003";
			};
			name = Debug;
		};
		464AF6651E8261B900F6B578 /* Release */ = {
			isa = XCBuildConfiguration;
			buildSettings = {
				INFOPLIST_FILE = "OC程序员最受欢迎_003UITests/Info.plist";
				LD_RUNPATH_SEARCH_PATHS = "$(inherited) @executable_path/Frameworks @loader_path/Frameworks";
				PRODUCT_BUNDLE_IDENTIFIER = "com.minxing.OC--------003UITests";
				PRODUCT_NAME = "$(TARGET_NAME)";
				TEST_TARGET_NAME = "OC程序员最受欢迎_003";
			};
			name = Release;
		};
/* End XCBuildConfiguration section */

/* Begin XCConfigurationList section */
		464AF62B1E8261B800F6B578 /* Build configuration list for PBXProject "OC程序员最受欢迎_003" */ = {
			isa = XCConfigurationList;
			buildConfigurations = (
				464AF65B1E8261B900F6B578 /* Debug */,
				464AF65C1E8261B900F6B578 /* Release */,
			);
			defaultConfigurationIsVisible = 0;
			defaultConfigurationName = Release;
		};
		464AF65D1E8261B900F6B578 /* Build configuration list for PBXNativeTarget "OC程序员最受欢迎_003" */ = {
			isa = XCConfigurationList;
			buildConfigurations = (
				464AF65E1E8261B900F6B578 /* Debug */,
				464AF65F1E8261B900F6B578 /* Release */,
			);
			defaultConfigurationIsVisible = 0;
		};
		464AF6601E8261B900F6B578 /* Build configuration list for PBXNativeTarget "OC程序员最受欢迎_003Tests" */ = {
			isa = XCConfigurationList;
			buildConfigurations = (
				464AF6611E8261B900F6B578 /* Debug */,
				464AF6621E8261B900F6B578 /* Release */,
			);
			defaultConfigurationIsVisible = 0;
		};
		464AF6631E8261B900F6B578 /* Build configuration list for PBXNativeTarget "OC程序员最受欢迎_003UITests" */ = {
			isa = XCConfigurationList;
			buildConfigurations = (
				464AF6641E8261B900F6B578 /* Debug */,
				464AF6651E8261B900F6B578 /* Release */,
			);
			defaultConfigurationIsVisible = 0;
		};
/* End XCConfigurationList section */
	};
	rootObject = 464AF6281E8261B800F6B578 /* Project object */;
}
