// !$*UTF8*$!
{
	archiveVersion = 1;
	classes = {
	};
	objectVersion = 51;
	objects = {

/* Begin PBXBuildFile section */
		7195668986EDC9061BC11722 /* Pods_FormTest.framework in Frameworks */ = {isa = PBXBuildFile; fileRef = 1CA13929A2AF501A7231D349 /* Pods_FormTest.framework */; };
		995DF5BC2417899000A416EA /* AppDelegate.m in Sources */ = {isa = PBXBuildFile; fileRef = 995DF5BB2417899000A416EA /* AppDelegate.m */; };
		995DF5BF2417899000A416EA /* SceneDelegate.m in Sources */ = {isa = PBXBuildFile; fileRef = 995DF5BE2417899000A416EA /* SceneDelegate.m */; };
		995DF5C22417899000A416EA /* ViewController.m in Sources */ = {isa = PBXBuildFile; fileRef = 995DF5C12417899000A416EA /* ViewController.m */; };
		995DF5C52417899000A416EA /* Main.storyboard in Resources */ = {isa = PBXBuildFile; fileRef = 995DF5C32417899000A416EA /* Main.storyboard */; };
		995DF5C72417899200A416EA /* Assets.xcassets in Resources */ = {isa = PBXBuildFile; fileRef = 995DF5C62417899200A416EA /* Assets.xcassets */; };
		995DF5CA2417899200A416EA /* LaunchScreen.storyboard in Resources */ = {isa = PBXBuildFile; fileRef = 995DF5C82417899200A416EA /* LaunchScreen.storyboard */; };
		995DF5CD2417899200A416EA /* main.m in Sources */ = {isa = PBXBuildFile; fileRef = 995DF5CC2417899200A416EA /* main.m */; };
/* End PBXBuildFile section */

/* Begin PBXFileReference section */
		1CA13929A2AF501A7231D349 /* Pods_FormTest.framework */ = {isa = PBXFileReference; explicitFileType = wrapper.framework; includeInIndex = 0; path = Pods_FormTest.framework; sourceTree = BUILT_PRODUCTS_DIR; };
		5973B804C4F87C4F244E4B90 /* Pods-FormTest.debug.xcconfig */ = {isa = PBXFileReference; includeInIndex = 1; lastKnownFileType = text.xcconfig; name = "Pods-FormTest.debug.xcconfig"; path = "Target Support Files/Pods-FormTest/Pods-FormTest.debug.xcconfig"; sourceTree = "<group>"; };
		995DF5B72417899000A416EA /* FormTest.app */ = {isa = PBXFileReference; explicitFileType = wrapper.application; includeInIndex = 0; path = FormTest.app; sourceTree = BUILT_PRODUCTS_DIR; };
		995DF5BA2417899000A416EA /* AppDelegate.h */ = {isa = PBXFileReference; lastKnownFileType = sourcecode.c.h; path = AppDelegate.h; sourceTree = "<group>"; };
		995DF5BB2417899000A416EA /* AppDelegate.m */ = {isa = PBXFileReference; lastKnownFileType = sourcecode.c.objc; path = AppDelegate.m; sourceTree = "<group>"; };
		995DF5BD2417899000A416EA /* SceneDelegate.h */ = {isa = PBXFileReference; lastKnownFileType = sourcecode.c.h; path = SceneDelegate.h; sourceTree = "<group>"; };
		995DF5BE2417899000A416EA /* SceneDelegate.m */ = {isa = PBXFileReference; lastKnownFileType = sourcecode.c.objc; path = SceneDelegate.m; sourceTree = "<group>"; };
		995DF5C02417899000A416EA /* ViewController.h */ = {isa = PBXFileReference; lastKnownFileType = sourcecode.c.h; path = ViewController.h; sourceTree = "<group>"; };
		995DF5C12417899000A416EA /* ViewController.m */ = {isa = PBXFileReference; lastKnownFileType = sourcecode.c.objc; path = ViewController.m; sourceTree = "<group>"; };
		995DF5C42417899000A416EA /* Base */ = {isa = PBXFileReference; lastKnownFileType = file.storyboard; name = Base; path = Base.lproj/Main.storyboard; sourceTree = "<group>"; };
		995DF5C62417899200A416EA /* Assets.xcassets */ = {isa = PBXFileReference; lastKnownFileType = folder.assetcatalog; path = Assets.xcassets; sourceTree = "<group>"; };
		995DF5C92417899200A416EA /* Base */ = {isa = PBXFileReference; lastKnownFileType = file.storyboard; name = Base; path = Base.lproj/LaunchScreen.storyboard; sourceTree = "<group>"; };
		995DF5CB2417899200A416EA /* Info.plist */ = {isa = PBXFileReference; lastKnownFileType = text.plist.xml; path = Info.plist; sourceTree = "<group>"; };
		995DF5CC2417899200A416EA /* main.m */ = {isa = PBXFileReference; lastKnownFileType = sourcecode.c.objc; path = main.m; sourceTree = "<group>"; };
		DD82CC4098FD4786A9A482A6 /* Pods-FormTest.release.xcconfig */ = {isa = PBXFileReference; includeInIndex = 1; lastKnownFileType = text.xcconfig; name = "Pods-FormTest.release.xcconfig"; path = "Target Support Files/Pods-FormTest/Pods-FormTest.release.xcconfig"; sourceTree = "<group>"; };
/* End PBXFileReference section */

/* Begin PBXFrameworksBuildPhase section */
		995DF5B42417899000A416EA /* Frameworks */ = {
			isa = PBXFrameworksBuildPhase;
			buildActionMask = 2147483647;
			files = (
				7195668986EDC9061BC11722 /* Pods_FormTest.framework in Frameworks */,
			);
			runOnlyForDeploymentPostprocessing = 0;
		};
/* End PBXFrameworksBuildPhase section */

/* Begin PBXGroup section */
		995DF5AE2417899000A416EA = {
			isa = PBXGroup;
			children = (
				995DF5B92417899000A416EA /* FormTest */,
				995DF5B82417899000A416EA /* Products */,
				F626A85A8B505FD058B41F58 /* Pods */,
				A5B503F641A6F5BE19A3198A /* Frameworks */,
			);
			sourceTree = "<group>";
		};
		995DF5B82417899000A416EA /* Products */ = {
			isa = PBXGroup;
			children = (
				995DF5B72417899000A416EA /* FormTest.app */,
			);
			name = Products;
			sourceTree = "<group>";
		};
		995DF5B92417899000A416EA /* FormTest */ = {
			isa = PBXGroup;
			children = (
				995DF5BA2417899000A416EA /* AppDelegate.h */,
				995DF5BB2417899000A416EA /* AppDelegate.m */,
				995DF5BD2417899000A416EA /* SceneDelegate.h */,
				995DF5BE2417899000A416EA /* SceneDelegate.m */,
				995DF5C02417899000A416EA /* ViewController.h */,
				995DF5C12417899000A416EA /* ViewController.m */,
				995DF5C32417899000A416EA /* Main.storyboard */,
				995DF5C62417899200A416EA /* Assets.xcassets */,
				995DF5C82417899200A416EA /* LaunchScreen.storyboard */,
				995DF5CB2417899200A416EA /* Info.plist */,
				995DF5CC2417899200A416EA /* main.m */,
			);
			path = FormTest;
			sourceTree = "<group>";
		};
		A5B503F641A6F5BE19A3198A /* Frameworks */ = {
			isa = PBXGroup;
			children = (
				1CA13929A2AF501A7231D349 /* Pods_FormTest.framework */,
			);
			name = Frameworks;
			sourceTree = "<group>";
		};
		F626A85A8B505FD058B41F58 /* Pods */ = {
			isa = PBXGroup;
			children = (
				5973B804C4F87C4F244E4B90 /* Pods-FormTest.debug.xcconfig */,
				DD82CC4098FD4786A9A482A6 /* Pods-FormTest.release.xcconfig */,
			);
			path = Pods;
			sourceTree = "<group>";
		};
/* End PBXGroup section */

/* Begin PBXNativeTarget section */
		995DF5B62417899000A416EA /* FormTest */ = {
			isa = PBXNativeTarget;
			buildConfigurationList = 995DF5D02417899200A416EA /* Build configuration list for PBXNativeTarget "FormTest" */;
			buildPhases = (
				0DBE7A54E89905A28D880D04 /* [CP] Check Pods Manifest.lock */,
				995DF5B32417899000A416EA /* Sources */,
				995DF5B42417899000A416EA /* Frameworks */,
				995DF5B52417899000A416EA /* Resources */,
				5829EA28CC3A872400D07C67 /* [CP] Embed Pods Frameworks */,
			);
			buildRules = (
			);
			dependencies = (
			);
			name = FormTest;
			productName = FormTest;
			productReference = 995DF5B72417899000A416EA /* FormTest.app */;
			productType = "com.apple.product-type.application";
		};
/* End PBXNativeTarget section */

/* Begin PBXProject section */
		995DF5AF2417899000A416EA /* Project object */ = {
			isa = PBXProject;
			attributes = {
				LastUpgradeCheck = 1120;
				ORGANIZATIONNAME = AY;
				TargetAttributes = {
					995DF5B62417899000A416EA = {
						CreatedOnToolsVersion = 11.2.1;
					};
				};
			};
			buildConfigurationList = 995DF5B22417899000A416EA /* Build configuration list for PBXProject "FormTest" */;
			compatibilityVersion = "Xcode 9.3";
			developmentRegion = en;
			hasScannedForEncodings = 0;
			knownRegions = (
				en,
				Base,
			);
			mainGroup = 995DF5AE2417899000A416EA;
			productRefGroup = 995DF5B82417899000A416EA /* Products */;
			projectDirPath = "";
			projectRoot = "";
			targets = (
				995DF5B62417899000A416EA /* FormTest */,
			);
		};
/* End PBXProject section */

/* Begin PBXResourcesBuildPhase section */
		995DF5B52417899000A416EA /* Resources */ = {
			isa = PBXResourcesBuildPhase;
			buildActionMask = 2147483647;
			files = (
				995DF5CA2417899200A416EA /* LaunchScreen.storyboard in Resources */,
				995DF5C72417899200A416EA /* Assets.xcassets in Resources */,
				995DF5C52417899000A416EA /* Main.storyboard in Resources */,
			);
			runOnlyForDeploymentPostprocessing = 0;
		};
/* End PBXResourcesBuildPhase section */

/* Begin PBXShellScriptBuildPhase section */
		0DBE7A54E89905A28D880D04 /* [CP] Check Pods Manifest.lock */ = {
			isa = PBXShellScriptBuildPhase;
			buildActionMask = 2147483647;
			files = (
			);
			inputFileListPaths = (
			);
			inputPaths = (
				"${PODS_PODFILE_DIR_PATH}/Podfile.lock",
				"${PODS_ROOT}/Manifest.lock",
			);
			name = "[CP] Check Pods Manifest.lock";
			outputFileListPaths = (
			);
			outputPaths = (
				"$(DERIVED_FILE_DIR)/Pods-FormTest-checkManifestLockResult.txt",
			);
			runOnlyForDeploymentPostprocessing = 0;
			shellPath = /bin/sh;
			shellScript = "diff \"${PODS_PODFILE_DIR_PATH}/Podfile.lock\" \"${PODS_ROOT}/Manifest.lock\" > /dev/null\nif [ $? != 0 ] ; then\n    # print error to STDERR\n    echo \"error: The sandbox is not in sync with the Podfile.lock. Run 'pod install' or update your CocoaPods installation.\" >&2\n    exit 1\nfi\n# This output is used by Xcode 'outputs' to avoid re-running this script phase.\necho \"SUCCESS\" > \"${SCRIPT_OUTPUT_FILE_0}\"\n";
			showEnvVarsInLog = 0;
		};
		5829EA28CC3A872400D07C67 /* [CP] Embed Pods Frameworks */ = {
			isa = PBXShellScriptBuildPhase;
			buildActionMask = 2147483647;
			files = (
			);
			inputFileListPaths = (
				"${PODS_ROOT}/Target Support Files/Pods-FormTest/Pods-FormTest-frameworks-${CONFIGURATION}-input-files.xcfilelist",
			);
			name = "[CP] Embed Pods Frameworks";
			outputFileListPaths = (
				"${PODS_ROOT}/Target Support Files/Pods-FormTest/Pods-FormTest-frameworks-${CONFIGURATION}-output-files.xcfilelist",
			);
			runOnlyForDeploymentPostprocessing = 0;
			shellPath = /bin/sh;
			shellScript = "\"${PODS_ROOT}/Target Support Files/Pods-FormTest/Pods-FormTest-frameworks.sh\"\n";
			showEnvVarsInLog = 0;
		};
/* End PBXShellScriptBuildPhase section */

/* Begin PBXSourcesBuildPhase section */
		995DF5B32417899000A416EA /* Sources */ = {
			isa = PBXSourcesBuildPhase;
			buildActionMask = 2147483647;
			files = (
				995DF5C22417899000A416EA /* ViewController.m in Sources */,
				995DF5BC2417899000A416EA /* AppDelegate.m in Sources */,
				995DF5CD2417899200A416EA /* main.m in Sources */,
				995DF5BF2417899000A416EA /* SceneDelegate.m in Sources */,
			);
			runOnlyForDeploymentPostprocessing = 0;
		};
/* End PBXSourcesBuildPhase section */

/* Begin PBXVariantGroup section */
		995DF5C32417899000A416EA /* Main.storyboard */ = {
			isa = PBXVariantGroup;
			children = (
				995DF5C42417899000A416EA /* Base */,
			);
			name = Main.storyboard;
			sourceTree = "<group>";
		};
		995DF5C82417899200A416EA /* LaunchScreen.storyboard */ = {
			isa = PBXVariantGroup;
			children = (
				995DF5C92417899200A416EA /* Base */,
			);
			name = LaunchScreen.storyboard;
			sourceTree = "<group>";
		};
/* End PBXVariantGroup section */

/* Begin XCBuildConfiguration section */
		995DF5CE2417899200A416EA /* Debug */ = {
			isa = XCBuildConfiguration;
			buildSettings = {
				ALWAYS_SEARCH_USER_PATHS = NO;
				CLANG_ANALYZER_NONNULL = YES;
				CLANG_ANALYZER_NUMBER_OBJECT_CONVERSION = YES_AGGRESSIVE;
				CLANG_CXX_LANGUAGE_STANDARD = "gnu++14";
				CLANG_CXX_LIBRARY = "libc++";
				CLANG_ENABLE_MODULES = YES;
				CLANG_ENABLE_OBJC_ARC = YES;
				CLANG_ENABLE_OBJC_WEAK = YES;
				CLANG_WARN_BLOCK_CAPTURE_AUTORELEASING = YES;
				CLANG_WARN_BOOL_CONVERSION = YES;
				CLANG_WARN_COMMA = YES;
				CLANG_WARN_CONSTANT_CONVERSION = YES;
				CLANG_WARN_DEPRECATED_OBJC_IMPLEMENTATIONS = YES;
				CLANG_WARN_DIRECT_OBJC_ISA_USAGE = YES_ERROR;
				CLANG_WARN_DOCUMENTATION_COMMENTS = YES;
				CLANG_WARN_EMPTY_BODY = YES;
				CLANG_WARN_ENUM_CONVERSION = YES;
				CLANG_WARN_INFINITE_RECURSION = YES;
				CLANG_WARN_INT_CONVERSION = YES;
				CLANG_WARN_NON_LITERAL_NULL_CONVERSION = YES;
				CLANG_WARN_OBJC_IMPLICIT_RETAIN_SELF = YES;
				CLANG_WARN_OBJC_LITERAL_CONVERSION = YES;
				CLANG_WARN_OBJC_ROOT_CLASS = YES_ERROR;
				CLANG_WARN_RANGE_LOOP_ANALYSIS = YES;
				CLANG_WARN_STRICT_PROTOTYPES = YES;
				CLANG_WARN_SUSPICIOUS_MOVE = YES;
				CLANG_WARN_UNGUARDED_AVAILABILITY = YES_AGGRESSIVE;
				CLANG_WARN_UNREACHABLE_CODE = YES;
				CLANG_WARN__DUPLICATE_METHOD_MATCH = YES;
				COPY_PHASE_STRIP = NO;
				DEBUG_INFORMATION_FORMAT = dwarf;
				ENABLE_STRICT_OBJC_MSGSEND = YES;
				ENABLE_TESTABILITY = YES;
				GCC_C_LANGUAGE_STANDARD = gnu11;
				GCC_DYNAMIC_NO_PIC = NO;
				GCC_NO_COMMON_BLOCKS = YES;
				GCC_OPTIMIZATION_LEVEL = 0;
				GCC_PREPROCESSOR_DEFINITIONS = (
					"DEBUG=1",
					"$(inherited)",
				);
				GCC_WARN_64_TO_32_BIT_CONVERSION = YES;
				GCC_WARN_ABOUT_RETURN_TYPE = YES_ERROR;
				GCC_WARN_UNDECLARED_SELECTOR = YES;
				GCC_WARN_UNINITIALIZED_AUTOS = YES_AGGRESSIVE;
				GCC_WARN_UNUSED_FUNCTION = YES;
				GCC_WARN_UNUSED_VARIABLE = YES;
				IPHONEOS_DEPLOYMENT_TARGET = 13.2;
				MTL_ENABLE_DEBUG_INFO = INCLUDE_SOURCE;
				MTL_FAST_MATH = YES;
				ONLY_ACTIVE_ARCH = YES;
				SDKROOT = iphoneos;
			};
			name = Debug;
		};
		995DF5CF2417899200A416EA /* Release */ = {
			isa = XCBuildConfiguration;
			buildSettings = {
				ALWAYS_SEARCH_USER_PATHS = NO;
				CLANG_ANALYZER_NONNULL = YES;
				CLANG_ANALYZER_NUMBER_OBJECT_CONVERSION = YES_AGGRESSIVE;
				CLANG_CXX_LANGUAGE_STANDARD = "gnu++14";
				CLANG_CXX_LIBRARY = "libc++";
				CLANG_ENABLE_MODULES = YES;
				CLANG_ENABLE_OBJC_ARC = YES;
				CLANG_ENABLE_OBJC_WEAK = YES;
				CLANG_WARN_BLOCK_CAPTURE_AUTORELEASING = YES;
				CLANG_WARN_BOOL_CONVERSION = YES;
				CLANG_WARN_COMMA = YES;
				CLANG_WARN_CONSTANT_CONVERSION = YES;
				CLANG_WARN_DEPRECATED_OBJC_IMPLEMENTATIONS = YES;
				CLANG_WARN_DIRECT_OBJC_ISA_USAGE = YES_ERROR;
				CLANG_WARN_DOCUMENTATION_COMMENTS = YES;
				CLANG_WARN_EMPTY_BODY = YES;
				CLANG_WARN_ENUM_CONVERSION = YES;
				CLANG_WARN_INFINITE_RECURSION = YES;
				CLANG_WARN_INT_CONVERSION = YES;
				CLANG_WARN_NON_LITERAL_NULL_CONVERSION = YES;
				CLANG_WARN_OBJC_IMPLICIT_RETAIN_SELF = YES;
				CLANG_WARN_OBJC_LITERAL_CONVERSION = YES;
				CLANG_WARN_OBJC_ROOT_CLASS = YES_ERROR;
				CLANG_WARN_RANGE_LOOP_ANALYSIS = YES;
				CLANG_WARN_STRICT_PROTOTYPES = YES;
				CLANG_WARN_SUSPICIOUS_MOVE = YES;
				CLANG_WARN_UNGUARDED_AVAILABILITY = YES_AGGRESSIVE;
				CLANG_WARN_UNREACHABLE_CODE = YES;
				CLANG_WARN__DUPLICATE_METHOD_MATCH = YES;
				COPY_PHASE_STRIP = NO;
				DEBUG_INFORMATION_FORMAT = "dwarf-with-dsym";
				ENABLE_NS_ASSERTIONS = NO;
				ENABLE_STRICT_OBJC_MSGSEND = YES;
				GCC_C_LANGUAGE_STANDARD = gnu11;
				GCC_NO_COMMON_BLOCKS = YES;
				GCC_WARN_64_TO_32_BIT_CONVERSION = YES;
				GCC_WARN_ABOUT_RETURN_TYPE = YES_ERROR;
				GCC_WARN_UNDECLARED_SELECTOR = YES;
				GCC_WARN_UNINITIALIZED_AUTOS = YES_AGGRESSIVE;
				GCC_WARN_UNUSED_FUNCTION = YES;
				GCC_WARN_UNUSED_VARIABLE = YES;
				IPHONEOS_DEPLOYMENT_TARGET = 13.2;
				MTL_ENABLE_DEBUG_INFO = NO;
				MTL_FAST_MATH = YES;
				SDKROOT = iphoneos;
				VALIDATE_PRODUCT = YES;
			};
			name = Release;
		};
		995DF5D12417899200A416EA /* Debug */ = {
			isa = XCBuildConfiguration;
			baseConfigurationReference = 5973B804C4F87C4F244E4B90 /* Pods-FormTest.debug.xcconfig */;
			buildSettings = {
				ASSETCATALOG_COMPILER_APPICON_NAME = AppIcon;
				CODE_SIGN_STYLE = Automatic;
				INFOPLIST_FILE = FormTest/Info.plist;
				IPHONEOS_DEPLOYMENT_TARGET = 9.0;
				LD_RUNPATH_SEARCH_PATHS = (
					"$(inherited)",
					"@executable_path/Frameworks",
				);
				PRODUCT_BUNDLE_IDENTIFIER = tml.intelligence.intelligencefactory.FormTest;
				PRODUCT_NAME = "$(TARGET_NAME)";
				TARGETED_DEVICE_FAMILY = "1,2";
			};
			name = Debug;
		};
		995DF5D22417899200A416EA /* Release */ = {
			isa = XCBuildConfiguration;
			baseConfigurationReference = DD82CC4098FD4786A9A482A6 /* Pods-FormTest.release.xcconfig */;
			buildSettings = {
				ASSETCATALOG_COMPILER_APPICON_NAME = AppIcon;
				CODE_SIGN_STYLE = Automatic;
				INFOPLIST_FILE = FormTest/Info.plist;
				IPHONEOS_DEPLOYMENT_TARGET = 9.0;
				LD_RUNPATH_SEARCH_PATHS = (
					"$(inherited)",
					"@executable_path/Frameworks",
				);
				PRODUCT_BUNDLE_IDENTIFIER = tml.intelligence.intelligencefactory.FormTest;
				PRODUCT_NAME = "$(TARGET_NAME)";
				TARGETED_DEVICE_FAMILY = "1,2";
			};
			name = Release;
		};
/* End XCBuildConfiguration section */

/* Begin XCConfigurationList section */
		995DF5B22417899000A416EA /* Build configuration list for PBXProject "FormTest" */ = {
			isa = XCConfigurationList;
			buildConfigurations = (
				995DF5CE2417899200A416EA /* Debug */,
				995DF5CF2417899200A416EA /* Release */,
			);
			defaultConfigurationIsVisible = 0;
			defaultConfigurationName = Release;
		};
		995DF5D02417899200A416EA /* Build configuration list for PBXNativeTarget "FormTest" */ = {
			isa = XCConfigurationList;
			buildConfigurations = (
				995DF5D12417899200A416EA /* Debug */,
				995DF5D22417899200A416EA /* Release */,
			);
			defaultConfigurationIsVisible = 0;
			defaultConfigurationName = Release;
		};
/* End XCConfigurationList section */
	};
	rootObject = 995DF5AF2417899000A416EA /* Project object */;
}
